
Microsoft Visual Studio Solution File, Format Version 12.00
# Visual Studio Version 17
VisualStudioVersion = 17.0.31903.59
MinimumVisualStudioVersion = 10.0.40219.1
Project("{9A19103F-16F7-4668-BE54-9A1E7A4F7556}") = "FishBrowser.Core", "web\FishBrowser.Core\FishBrowser.Core.csproj", "{A1B2C3D4-E5F6-7890-ABCD-EF1234567890}"
EndProject
Project("{9A19103F-16F7-4668-BE54-9A1E7A4F7556}") = "WebScraperApp", "windows\WebScraperApp\WebScraperApp.csproj", "{E5D86ED9-C62B-8002-C62F-AB1D386EC646}"
EndProject
Project("{9A19103F-16F7-4668-BE54-9A1E7A4F7556}") = "WebScraperApp.Tests", "windows\WebScraperApp.Tests\WebScraperApp.Tests.csproj", "{D60ACF04-6E3C-5A50-A5C4-42176B8C94B5}"
EndProject
Project("{9A19103F-16F7-4668-BE54-9A1E7A4F7556}") = "TestVersion", "windows\TestVersion\TestVersion.csproj", "{4A0D21B5-364C-B1A2-CE2E-E75203EC5DF8}"
EndProject
Project("{2150E333-8FDC-42A3-9474-1A3956D46DE8}") = "web", "web", "{256F4E96-6A73-9ABE-786F-840C672A50F4}"
EndProject
Project("{FAE04EC0-301F-11D3-BF4B-00C04F79EFBC}") = "FishBrowser.Api", "web\FishBrowser.Api\FishBrowser.Api.csproj", "{584E72BC-2C7A-4F62-BAAF-D9F0A9330031}"
EndProject
Project("{FAE04EC0-301F-11D3-BF4B-00C04F79EFBC}") = "FishBrowser.Web", "web\FishBrowser.Web\FishBrowser.Web.csproj", "{969E7BA6-F1A3-42D0-90A2-DE42446C7598}"
EndProject
Project("{2150E333-8FDC-42A3-9474-1A3956D46DE8}") = "windows", "windows", "{02EA681E-C7D8-13C7-8484-4AC65E1B71E8}"
EndProject
Global
	GlobalSection(SolutionConfigurationPlatforms) = preSolution
		Debug|Any CPU = Debug|Any CPU
		Debug|x64 = Debug|x64
		Debug|x86 = Debug|x86
		Release|Any CPU = Release|Any CPU
		Release|x64 = Release|x64
		Release|x86 = Release|x86
	EndGlobalSection
	GlobalSection(ProjectConfigurationPlatforms) = postSolution
		{A1B2C3D4-E5F6-7890-ABCD-EF1234567890}.Debug|Any CPU.ActiveCfg = Debug|Any CPU
		{A1B2C3D4-E5F6-7890-ABCD-EF1234567890}.Debug|Any CPU.Build.0 = Debug|Any CPU
		{A1B2C3D4-E5F6-7890-ABCD-EF1234567890}.Debug|x64.ActiveCfg = Debug|Any CPU
		{A1B2C3D4-E5F6-7890-ABCD-EF1234567890}.Debug|x64.Build.0 = Debug|Any CPU
		{A1B2C3D4-E5F6-7890-ABCD-EF1234567890}.Debug|x86.ActiveCfg = Debug|Any CPU
		{A1B2C3D4-E5F6-7890-ABCD-EF1234567890}.Debug|x86.Build.0 = Debug|Any CPU
		{A1B2C3D4-E5F6-7890-ABCD-EF1234567890}.Release|Any CPU.ActiveCfg = Release|Any CPU
		{A1B2C3D4-E5F6-7890-ABCD-EF1234567890}.Release|Any CPU.Build.0 = Release|Any CPU
		{A1B2C3D4-E5F6-7890-ABCD-EF1234567890}.Release|x64.ActiveCfg = Release|Any CPU
		{A1B2C3D4-E5F6-7890-ABCD-EF1234567890}.Release|x64.Build.0 = Release|Any CPU
		{A1B2C3D4-E5F6-7890-ABCD-EF1234567890}.Release|x86.ActiveCfg = Release|Any CPU
		{A1B2C3D4-E5F6-7890-ABCD-EF1234567890}.Release|x86.Build.0 = Release|Any CPU
		{E5D86ED9-C62B-8002-C62F-AB1D386EC646}.Debug|Any CPU.ActiveCfg = Debug|Any CPU
		{E5D86ED9-C62B-8002-C62F-AB1D386EC646}.Debug|Any CPU.Build.0 = Debug|Any CPU
		{E5D86ED9-C62B-8002-C62F-AB1D386EC646}.Debug|x64.ActiveCfg = Debug|Any CPU
		{E5D86ED9-C62B-8002-C62F-AB1D386EC646}.Debug|x64.Build.0 = Debug|Any CPU
		{E5D86ED9-C62B-8002-C62F-AB1D386EC646}.Debug|x86.ActiveCfg = Debug|Any CPU
		{E5D86ED9-C62B-8002-C62F-AB1D386EC646}.Debug|x86.Build.0 = Debug|Any CPU
		{E5D86ED9-C62B-8002-C62F-AB1D386EC646}.Release|Any CPU.ActiveCfg = Release|Any CPU
		{E5D86ED9-C62B-8002-C62F-AB1D386EC646}.Release|Any CPU.Build.0 = Release|Any CPU
		{E5D86ED9-C62B-8002-C62F-AB1D386EC646}.Release|x64.ActiveCfg = Release|Any CPU
		{E5D86ED9-C62B-8002-C62F-AB1D386EC646}.Release|x64.Build.0 = Release|Any CPU
		{E5D86ED9-C62B-8002-C62F-AB1D386EC646}.Release|x86.ActiveCfg = Release|Any CPU
		{E5D86ED9-C62B-8002-C62F-AB1D386EC646}.Release|x86.Build.0 = Release|Any CPU
		{D60ACF04-6E3C-5A50-A5C4-42176B8C94B5}.Debug|Any CPU.ActiveCfg = Debug|Any CPU
		{D60ACF04-6E3C-5A50-A5C4-42176B8C94B5}.Debug|Any CPU.Build.0 = Debug|Any CPU
		{D60ACF04-6E3C-5A50-A5C4-42176B8C94B5}.Debug|x64.ActiveCfg = Debug|Any CPU
		{D60ACF04-6E3C-5A50-A5C4-42176B8C94B5}.Debug|x64.Build.0 = Debug|Any CPU
		{D60ACF04-6E3C-5A50-A5C4-42176B8C94B5}.Debug|x86.ActiveCfg = Debug|Any CPU
		{D60ACF04-6E3C-5A50-A5C4-42176B8C94B5}.Debug|x86.Build.0 = Debug|Any CPU
		{D60ACF04-6E3C-5A50-A5C4-42176B8C94B5}.Release|Any CPU.ActiveCfg = Release|Any CPU
		{D60ACF04-6E3C-5A50-A5C4-42176B8C94B5}.Release|Any CPU.Build.0 = Release|Any CPU
		{D60ACF04-6E3C-5A50-A5C4-42176B8C94B5}.Release|x64.ActiveCfg = Release|Any CPU
		{D60ACF04-6E3C-5A50-A5C4-42176B8C94B5}.Release|x64.Build.0 = Release|Any CPU
		{D60ACF04-6E3C-5A50-A5C4-42176B8C94B5}.Release|x86.ActiveCfg = Release|Any CPU
		{D60ACF04-6E3C-5A50-A5C4-42176B8C94B5}.Release|x86.Build.0 = Release|Any CPU
		{4A0D21B5-364C-B1A2-CE2E-E75203EC5DF8}.Debug|Any CPU.ActiveCfg = Debug|Any CPU
		{4A0D21B5-364C-B1A2-CE2E-E75203EC5DF8}.Debug|Any CPU.Build.0 = Debug|Any CPU
		{4A0D21B5-364C-B1A2-CE2E-E75203EC5DF8}.Debug|x64.ActiveCfg = Debug|Any CPU
		{4A0D21B5-364C-B1A2-CE2E-E75203EC5DF8}.Debug|x64.Build.0 = Debug|Any CPU
		{4A0D21B5-364C-B1A2-CE2E-E75203EC5DF8}.Debug|x86.ActiveCfg = Debug|Any CPU
		{4A0D21B5-364C-B1A2-CE2E-E75203EC5DF8}.Debug|x86.Build.0 = Debug|Any CPU
		{4A0D21B5-364C-B1A2-CE2E-E75203EC5DF8}.Release|Any CPU.ActiveCfg = Release|Any CPU
		{4A0D21B5-364C-B1A2-CE2E-E75203EC5DF8}.Release|Any CPU.Build.0 = Release|Any CPU
		{4A0D21B5-364C-B1A2-CE2E-E75203EC5DF8}.Release|x64.ActiveCfg = Release|Any CPU
		{4A0D21B5-364C-B1A2-CE2E-E75203EC5DF8}.Release|x64.Build.0 = Release|Any CPU
		{4A0D21B5-364C-B1A2-CE2E-E75203EC5DF8}.Release|x86.ActiveCfg = Release|Any CPU
		{4A0D21B5-364C-B1A2-CE2E-E75203EC5DF8}.Release|x86.Build.0 = Release|Any CPU
		{584E72BC-2C7A-4F62-BAAF-D9F0A9330031}.Debug|Any CPU.ActiveCfg = Debug|Any CPU
		{584E72BC-2C7A-4F62-BAAF-D9F0A9330031}.Debug|Any CPU.Build.0 = Debug|Any CPU
		{584E72BC-2C7A-4F62-BAAF-D9F0A9330031}.Debug|x64.ActiveCfg = Debug|Any CPU
		{584E72BC-2C7A-4F62-BAAF-D9F0A9330031}.Debug|x64.Build.0 = Debug|Any CPU
		{584E72BC-2C7A-4F62-BAAF-D9F0A9330031}.Debug|x86.ActiveCfg = Debug|Any CPU
		{584E72BC-2C7A-4F62-BAAF-D9F0A9330031}.Debug|x86.Build.0 = Debug|Any CPU
		{584E72BC-2C7A-4F62-BAAF-D9F0A9330031}.Release|Any CPU.ActiveCfg = Release|Any CPU
		{584E72BC-2C7A-4F62-BAAF-D9F0A9330031}.Release|Any CPU.Build.0 = Release|Any CPU
		{584E72BC-2C7A-4F62-BAAF-D9F0A9330031}.Release|x64.ActiveCfg = Release|Any CPU
		{584E72BC-2C7A-4F62-BAAF-D9F0A9330031}.Release|x64.Build.0 = Release|Any CPU
		{584E72BC-2C7A-4F62-BAAF-D9F0A9330031}.Release|x86.ActiveCfg = Release|Any CPU
		{584E72BC-2C7A-4F62-BAAF-D9F0A9330031}.Release|x86.Build.0 = Release|Any CPU
		{969E7BA6-F1A3-42D0-90A2-DE42446C7598}.Debug|Any CPU.ActiveCfg = Debug|Any CPU
		{969E7BA6-F1A3-42D0-90A2-DE42446C7598}.Debug|Any CPU.Build.0 = Debug|Any CPU
		{969E7BA6-F1A3-42D0-90A2-DE42446C7598}.Debug|x64.ActiveCfg = Debug|Any CPU
		{969E7BA6-F1A3-42D0-90A2-DE42446C7598}.Debug|x64.Build.0 = Debug|Any CPU
		{969E7BA6-F1A3-42D0-90A2-DE42446C7598}.Debug|x86.ActiveCfg = Debug|Any CPU
		{969E7BA6-F1A3-42D0-90A2-DE42446C7598}.Debug|x86.Build.0 = Debug|Any CPU
		{969E7BA6-F1A3-42D0-90A2-DE42446C7598}.Release|Any CPU.ActiveCfg = Release|Any CPU
		{969E7BA6-F1A3-42D0-90A2-DE42446C7598}.Release|Any CPU.Build.0 = Release|Any CPU
		{969E7BA6-F1A3-42D0-90A2-DE42446C7598}.Release|x64.ActiveCfg = Release|Any CPU
		{969E7BA6-F1A3-42D0-90A2-DE42446C7598}.Release|x64.Build.0 = Release|Any CPU
		{969E7BA6-F1A3-42D0-90A2-DE42446C7598}.Release|x86.ActiveCfg = Release|Any CPU
		{969E7BA6-F1A3-42D0-90A2-DE42446C7598}.Release|x86.Build.0 = Release|Any CPU
	EndGlobalSection
	GlobalSection(SolutionProperties) = preSolution
		HideSolutionNode = FALSE
	EndGlobalSection
	GlobalSection(NestedProjects) = preSolution
		{E5D86ED9-C62B-8002-C62F-AB1D386EC646} = {02EA681E-C7D8-13C7-8484-4AC65E1B71E8}
		{D60ACF04-6E3C-5A50-A5C4-42176B8C94B5} = {02EA681E-C7D8-13C7-8484-4AC65E1B71E8}
		{584E72BC-2C7A-4F62-BAAF-D9F0A9330031} = {256F4E96-6A73-9ABE-786F-840C672A50F4}
		{969E7BA6-F1A3-42D0-90A2-DE42446C7598} = {256F4E96-6A73-9ABE-786F-840C672A50F4}
	EndGlobalSection
	GlobalSection(ExtensibilityGlobals) = postSolution
		SolutionGuid = {63A84BAB-3E59-4CAD-9700-3C7BC49592AD}
	EndGlobalSection
EndGlobal
